# THIS IS AN AUTOGENERATED FILE. DO NOT EDIT THIS FILE DIRECTLY.
# yarn lockfile v1


"@types/node@*":
  version "11.10.4"
  resolved "http://registry.npm.taobao.org/@types/node/download/@types/node-11.10.4.tgz#3f5fc4f0f322805f009e00ab35a2ff3d6b778e42"
  integrity sha1-P1/E8PMigF8AngCrNaL/PWt3jkI=

async-limiter@~1.0.0:
  version "1.0.0"
  resolved "http://registry.npm.taobao.org/async-limiter/download/async-limiter-1.0.0.tgz#78faed8c3d074ab81f22b4e985d79e8738f720f8"
  integrity sha1-ePrtjD0HSrgfIrTphdeehzj3IPg=

asynckit@^0.4.0:
  version "0.4.0"
  resolved "http://registry.npm.taobao.org/asynckit/download/asynckit-0.4.0.tgz#c79ed97f7f34cb8f2ba1bc9790bcc366474b4b79"
  integrity sha1-x57Zf380y48robyXkLzDZkdLS3k=

aws-sdk@^2.286.2:
  version "2.413.0"
  resolved "http://registry.npm.taobao.org/aws-sdk/download/aws-sdk-2.413.0.tgz#65c2dbe53ecb3f964fd9f18a850f8f1adc55f598"
  integrity sha1-ZcLb5T7LP5ZP2fGKhQ+PGtxV9Zg=
  dependencies:
    buffer "4.9.1"
    events "1.1.1"
    ieee754 "1.1.8"
    jmespath "0.15.0"
    querystring "0.2.0"
    sax "1.2.1"
    url "0.10.3"
    uuid "3.3.2"
    xml2js "0.4.19"

base64-js@^1.0.2:
  version "1.3.0"
  resolved "http://registry.npm.taobao.org/base64-js/download/base64-js-1.3.0.tgz#cab1e6118f051095e58b5281aea8c1cd22bfc0e3"
  integrity sha1-yrHmEY8FEJXli1KBrqjBzSK/wOM=

bluebird@^3.4.1:
  version "3.5.3"
  resolved "http://registry.npm.taobao.org/bluebird/download/bluebird-3.5.3.tgz#7d01c6f9616c9a51ab0f8c549a79dfe6ec33efa7"
  integrity sha1-fQHG+WFsmlGrD4xUmnnf5uwz76c=

boolbase@~1.0.0:
  version "1.0.0"
  resolved "http://registry.npm.taobao.org/boolbase/download/boolbase-1.0.0.tgz#68dff5fbe60c51eb37725ea9e3ed310dcc1e776e"
  integrity sha1-aN/1++YMUes3cl6p4+0xDcwed24=

brolog@^1.2.6, brolog@^1.3.3, brolog@^1.6.2, brolog@^1.6.5, brolog@^1.8.1:
  version "1.8.3"
  resolved "http://registry.npm.taobao.org/brolog/download/brolog-1.8.3.tgz#8123420b46912333ed4dc3d25fe98af30f5b0fad"
  integrity sha1-gSNCC0aRIzPtTcPSX+mK8w9bD60=

buffer@4.9.1:
  version "4.9.1"
  resolved "http://registry.npm.taobao.org/buffer/download/buffer-4.9.1.tgz#6d1bb601b07a4efced97094132093027c95bc298"
  integrity sha1-bRu2AbB6TvztlwlBMgkwJ8lbwpg=
  dependencies:
    base64-js "^1.0.2"
    ieee754 "^1.1.4"
    isarray "^1.0.0"

callsites@^3.0.0:
  version "3.0.0"
  resolved "http://registry.npm.taobao.org/callsites/download/callsites-3.0.0.tgz#fb7eb569b72ad7a45812f93fd9430a3e410b3dd3"
  integrity sha1-+361abcq16RYEvk/2UMKPkELPdM=

charenc@~0.0.1:
  version "0.0.2"
  resolved "http://registry.npm.taobao.org/charenc/download/charenc-0.0.2.tgz#c0a1d2f3a7092e03774bfa83f14c0fc5790a8667"
  integrity sha1-wKHS86cJLgN3S/qD8UwPxXkKhmc=

cheerio@^1.0.0-rc.2:
  version "1.0.0-rc.2"
  resolved "http://registry.npm.taobao.org/cheerio/download/cheerio-1.0.0-rc.2.tgz#4b9f53a81b27e4d5dac31c0ffd0cfa03cc6830db"
  integrity sha1-S59TqBsn5NXawxwP/Qz6A8xoMNs=
  dependencies:
    css-select "~1.2.0"
    dom-serializer "~0.1.0"
    entities "~1.1.1"
    htmlparser2 "^3.9.1"
    lodash "^4.15.0"
    parse5 "^3.0.1"

clone-class@^0.6.11, clone-class@^0.6.19:
  version "0.6.20"
  resolved "http://registry.npm.taobao.org/clone-class/download/clone-class-0.6.20.tgz#b199a51f1e7466d3f544fe1de74b6b8d97ca007e"
  integrity sha1-sZmlHx50ZtP1RP4d50trjZfKAH4=

combined-stream@^1.0.6:
  version "1.0.7"
  resolved "http://registry.npm.taobao.org/combined-stream/download/combined-stream-1.0.7.tgz#2d1d24317afb8abe95d6d2c0b07b57813539d828"
  integrity sha1-LR0kMXr7ir6V1tLAsHtXgTU52Cg=
  dependencies:
    delayed-stream "~1.0.0"

component-emitter@^1.2.0:
  version "1.2.1"
  resolved "http://registry.npm.taobao.org/component-emitter/download/component-emitter-1.2.1.tgz#137918d6d78283f7df7a6b7c5a63e140e69425e6"
  integrity sha1-E3kY1teCg/ffemt8WmPhQOaUJeY=

cookie@0.3.1:
  version "0.3.1"
  resolved "http://registry.npm.taobao.org/cookie/download/cookie-0.3.1.tgz#e7e0a1f9ef43b4c8ba925c5c5a96e806d16873bb"
  integrity sha1-5+Ch+e9DtMi6klxcWpboBtFoc7s=

cookiejar@^2.1.2:
  version "2.1.2"
  resolved "http://registry.npm.taobao.org/cookiejar/download/cookiejar-2.1.2.tgz#dd8a235530752f988f9a0844f3fc589e3111125c"
  integrity sha1-3YojVTB1L5iPmghE8/xYnjERElw=

cron-parser@^2.7.3:
  version "2.7.3"
  resolved "http://registry.npm.taobao.org/cron-parser/download/cron-parser-2.7.3.tgz#12603f89f5375af353a9357be2543d3172eac651"
  integrity sha1-EmA/ifU3WvNTqTV74lQ9MXLqxlE=
  dependencies:
    is-nan "^1.2.1"
    moment-timezone "^0.5.23"

crypt@~0.0.1:
  version "0.0.2"
  resolved "http://registry.npm.taobao.org/crypt/download/crypt-0.0.2.tgz#88d7ff7ec0dfb86f713dc87bbb42d044d3e6c41b"
  integrity sha1-iNf/fsDfuG9xPch7u0LQRNPmxBs=

css-select@~1.2.0:
  version "1.2.0"
  resolved "http://registry.npm.taobao.org/css-select/download/css-select-1.2.0.tgz#2b3a110539c5355f1cd8d314623e870b121ec858"
  integrity sha1-KzoRBTnFNV8c2NMUYj6HCxIeyFg=
  dependencies:
    boolbase "~1.0.0"
    css-what "2.1"
    domutils "1.5.1"
    nth-check "~1.0.1"

css-what@2.1:
  version "2.1.3"
  resolved "http://registry.npm.taobao.org/css-what/download/css-what-2.1.3.tgz#a6d7604573365fe74686c3f311c56513d88285f2"
  integrity sha1-ptdgRXM2X+dGhsPzEcVlE9iChfI=

cuid@^2.1.1:
  version "2.1.6"
  resolved "http://registry.npm.taobao.org/cuid/download/cuid-2.1.6.tgz#dc3a20b5a7497d36d32c0bf8a2997524c9c796c4"
  integrity sha1-3DogtadJfTbTLAv4opl1JMnHlsQ=

debug@^4.1.0:
  version "4.1.1"
  resolved "http://registry.npm.taobao.org/debug/download/debug-4.1.1.tgz#3b72260255109c6b589cee050f1d516139664791"
  integrity sha1-O3ImAlUQnGtYnO4FDx1RYTlmR5E=
  dependencies:
    ms "^2.1.1"

define-properties@^1.1.1:
  version "1.1.3"
  resolved "http://registry.npm.taobao.org/define-properties/download/define-properties-1.1.3.tgz#cf88da6cbee26fe6db7094f61d870cbd84cee9f1"
  integrity sha1-z4jabL7ib+bbcJT2HYcMvYTO6fE=
  dependencies:
    object-keys "^1.0.12"

delayed-stream@~1.0.0:
  version "1.0.0"
  resolved "http://registry.npm.taobao.org/delayed-stream/download/delayed-stream-1.0.0.tgz#df3ae199acadfb7d440aaae0b29e2272b24ec619"
  integrity sha1-3zrhmayt+31ECqrgsp4icrJOxhk=

dom-serializer@0, dom-serializer@~0.1.0:
  version "0.1.1"
  resolved "http://registry.npm.taobao.org/dom-serializer/download/dom-serializer-0.1.1.tgz#1ec4059e284babed36eec2941d4a970a189ce7c0"
  integrity sha1-HsQFnihLq+027sKUHUqXChic58A=
  dependencies:
    domelementtype "^1.3.0"
    entities "^1.1.1"

domelementtype@1, domelementtype@^1.3.0, domelementtype@^1.3.1:
  version "1.3.1"
  resolved "http://registry.npm.taobao.org/domelementtype/download/domelementtype-1.3.1.tgz#d048c44b37b0d10a7f2a3d5fee3f4333d790481f"
  integrity sha1-0EjESzew0Qp/Kj1f7j9DM9eQSB8=

domhandler@^2.3.0:
  version "2.4.2"
  resolved "http://registry.npm.taobao.org/domhandler/download/domhandler-2.4.2.tgz#8805097e933d65e85546f726d60f5eb88b44f803"
  integrity sha1-iAUJfpM9ZehVRvcm1g9euItE+AM=
  dependencies:
    domelementtype "1"

domutils@1.5.1:
  version "1.5.1"
  resolved "http://registry.npm.taobao.org/domutils/download/domutils-1.5.1.tgz#dcd8488a26f563d61079e48c9f7b7e32373682cf"
  integrity sha1-3NhIiib1Y9YQeeSMn3t+Mjc2gs8=
  dependencies:
    dom-serializer "0"
    domelementtype "1"

domutils@^1.5.1:
  version "1.7.0"
  resolved "http://registry.npm.taobao.org/domutils/download/domutils-1.7.0.tgz#56ea341e834e06e6748af7a1cb25da67ea9f8c2a"
  integrity sha1-Vuo0HoNOBuZ0ivehyyXaZ+qfjCo=
  dependencies:
    dom-serializer "0"
    domelementtype "1"

entities@^1.1.1, entities@~1.1.1:
  version "1.1.2"
  resolved "http://registry.npm.taobao.org/entities/download/entities-1.1.2.tgz#bdfa735299664dfafd34529ed4f8522a275fea56"
  integrity sha1-vfpzUplmTfr9NFKe1PhSKidf6lY=

err-code@^1.0.0:
  version "1.1.2"
  resolved "http://registry.npm.taobao.org/err-code/download/err-code-1.1.2.tgz#06e0116d3028f6aef4806849eb0ea6a748ae6960"
  integrity sha1-BuARbTAo9q70gGhJ6w6mp0iuaWA=

error-ex@^1.3.1:
  version "1.3.2"
  resolved "http://registry.npm.taobao.org/error-ex/download/error-ex-1.3.2.tgz#b4ac40648107fdcdcfae242f428bea8a14d4f1bf"
  integrity sha1-tKxAZIEH/c3PriQvQovqihTU8b8=
  dependencies:
    is-arrayish "^0.2.1"

events@1.1.1:
  version "1.1.1"
  resolved "http://registry.npm.taobao.org/events/download/events-1.1.1.tgz#9ebdb7635ad099c70dcc4c2a1f5004288e8bd924"
  integrity sha1-nr23Y1rQmccNzEwqH1AEKI6L2SQ=

file-box@^0.8.23, file-box@^0.8.27:
  version "0.8.27"
  resolved "http://registry.npm.taobao.org/file-box/download/file-box-0.8.27.tgz#f209ed07709819a1cccde2c7c7e7391bce117a14"
  integrity sha1-8gntB3CYGaHMzeLHx+c5G84RehQ=
  dependencies:
    mime "^2.3.1"

find-up@^3.0.0:
  version "3.0.0"
  resolved "http://registry.npm.taobao.org/find-up/download/find-up-3.0.0.tgz#49169f1d7993430646da61ecc5ae355c21c97b73"
  integrity sha1-SRafHXmTQwZG2mHsxa41XCHJe3M=
  dependencies:
    locate-path "^3.0.0"

form-data@^2.3.3:
  version "2.3.3"
  resolved "http://registry.npm.taobao.org/form-data/download/form-data-2.3.3.tgz#dcce52c05f644f298c6a7ab936bd724ceffbf3a6"
  integrity sha1-3M5SwF9kTymManq5Nr1yTO/786Y=
  dependencies:
    asynckit "^0.4.0"
    combined-stream "^1.0.6"
    mime-types "^2.1.12"

formidable@^1.2.0:
  version "1.2.1"
  resolved "http://registry.npm.taobao.org/formidable/download/formidable-1.2.1.tgz#70fb7ca0290ee6ff961090415f4b3df3d2082659"
  integrity sha1-cPt8oCkO5v+WEJBBX0s989IIJlk=

graceful-fs@^4.1.2:
  version "4.1.15"
  resolved "http://registry.npm.taobao.org/graceful-fs/download/graceful-fs-4.1.15.tgz#ffb703e1066e8a0eeaa4c8b80ba9253eeefbfb00"
  integrity sha1-/7cD4QZuig7qpMi4C6klPu77+wA=

hosted-git-info@^2.1.4:
  version "2.7.1"
  resolved "http://registry.npm.taobao.org/hosted-git-info/download/hosted-git-info-2.7.1.tgz#97f236977bd6e125408930ff6de3eec6281ec047"
  integrity sha1-l/I2l3vW4SVAiTD/bePuxigewEc=

hot-import@^0.2.1:
  version "0.2.5"
  resolved "http://registry.npm.taobao.org/hot-import/download/hot-import-0.2.5.tgz#3daa9cdc913c83a40f04a4e9744cec62cac13978"
  integrity sha1-Paqc3JE8g6QPBKTpdEzsYsrBOXg=
  dependencies:
    brolog "^1.2.6"
    callsites "^3.0.0"
    read-pkg-up "^4.0.0"

htmlparser2@^3.9.1:
  version "3.10.1"
  resolved "http://registry.npm.taobao.org/htmlparser2/download/htmlparser2-3.10.1.tgz#bd679dc3f59897b6a34bb10749c855bb53a9392f"
  integrity sha1-vWedw/WYl7ajS7EHSchVu1OpOS8=
  dependencies:
    domelementtype "^1.3.1"
    domhandler "^2.3.0"
    domutils "^1.5.1"
    entities "^1.1.1"
    inherits "^2.0.1"
    readable-stream "^3.1.1"

ieee754@1.1.8:
  version "1.1.8"
  resolved "http://registry.npm.taobao.org/ieee754/download/ieee754-1.1.8.tgz#be33d40ac10ef1926701f6f08a2d86fbfd1ad3e4"
  integrity sha1-vjPUCsEO8ZJnAfbwii2G+/0a0+Q=

ieee754@^1.1.4:
  version "1.1.12"
  resolved "http://registry.npm.taobao.org/ieee754/download/ieee754-1.1.12.tgz#50bf24e5b9c8bb98af4964c941cdb0918da7b60b"
  integrity sha1-UL8k5bnIu5ivSWTJQc2wkY2ntgs=

inherits@^2.0.1, inherits@^2.0.3:
  version "2.0.3"
  resolved "http://registry.npm.taobao.org/inherits/download/inherits-2.0.3.tgz#633c2c83e3da42a502f52466022480f4208261de"
  integrity sha1-Yzwsg+PaQqUC9SRmAiSA9CCCYd4=

is-arrayish@^0.2.1:
  version "0.2.1"
  resolved "http://registry.npm.taobao.org/is-arrayish/download/is-arrayish-0.2.1.tgz#77c99840527aa8ecb1a8ba697b80645a7a926a9d"
  integrity sha1-d8mYQFJ6qOyxqLppe4BkWnqSap0=

is-buffer@~1.1.1:
  version "1.1.6"
  resolved "http://registry.npm.taobao.org/is-buffer/download/is-buffer-1.1.6.tgz#efaa2ea9daa0d7ab2ea13a97b2b8ad51fefbe8be"
  integrity sha1-76ouqdqg16suoTqXsritUf776L4=

is-nan@^1.2.1:
  version "1.2.1"
  resolved "http://registry.npm.taobao.org/is-nan/download/is-nan-1.2.1.tgz#9faf65b6fb6db24b7f5c0628475ea71f988401e2"
  integrity sha1-n69ltvttskt/XAYoR16nH5iEAeI=
  dependencies:
    define-properties "^1.1.1"

isarray@^1.0.0:
  version "1.0.0"
  resolved "http://registry.npm.taobao.org/isarray/download/isarray-1.0.0.tgz#bb935d48582cba168c06834957a54a3e07124f11"
  integrity sha1-u5NdSFgsuhaMBoNJV6VKPgcSTxE=

jmespath@0.15.0:
  version "0.15.0"
  resolved "http://registry.npm.taobao.org/jmespath/download/jmespath-0.15.0.tgz#a3f222a9aae9f966f5d27c796510e28091764217"
  integrity sha1-o/Iiqarp+Wb10nx5ZRDigJF2Qhc=

json-parse-better-errors@^1.0.1:
  version "1.0.2"
  resolved "http://registry.npm.taobao.org/json-parse-better-errors/download/json-parse-better-errors-1.0.2.tgz#bb867cfb3450e69107c131d1c514bab3dc8bcaa9"
  integrity sha1-u4Z8+zRQ5pEHwTHRxRS6s9yLyqk=

load-json-file@^4.0.0:
  version "4.0.0"
  resolved "http://registry.npm.taobao.org/load-json-file/download/load-json-file-4.0.0.tgz#2f5f45ab91e33216234fd53adab668eb4ec0993b"
  integrity sha1-L19Fq5HjMhYjT9U62rZo607AmTs=
  dependencies:
    graceful-fs "^4.1.2"
    parse-json "^4.0.0"
    pify "^3.0.0"
    strip-bom "^3.0.0"

locate-path@^3.0.0:
  version "3.0.0"
  resolved "http://registry.npm.taobao.org/locate-path/download/locate-path-3.0.0.tgz#dbec3b3ab759758071b58fe59fc41871af21400e"
  integrity sha1-2+w7OrdZdYBxtY/ln8QYca8hQA4=
  dependencies:
    p-locate "^3.0.0"
    path-exists "^3.0.0"

lodash@^4.15.0:
  version "4.17.11"
  resolved "http://registry.npm.taobao.org/lodash/download/lodash-4.17.11.tgz#b39ea6229ef607ecd89e2c8df12536891cac9b8d"
  integrity sha1-s56mIp72B+zYniyN8SU2iRysm40=

long-timeout@0.1.1:
  version "0.1.1"
  resolved "http://registry.npm.taobao.org/long-timeout/download/long-timeout-0.1.1.tgz#9721d788b47e0bcb5a24c2e2bee1a0da55dab514"
  integrity sha1-lyHXiLR+C8taJMLivuGg2lXatRQ=

lru-cache@^4.1.3:
  version "4.1.5"
  resolved "http://registry.npm.taobao.org/lru-cache/download/lru-cache-4.1.5.tgz#8bbe50ea85bed59bc9e33dcab8235ee9bcf443cd"
  integrity sha1-i75Q6oW+1ZvJ4z3KuCNe6bz0Q80=
  dependencies:
    pseudomap "^1.0.2"
    yallist "^2.1.2"

md5@^2.2.1:
  version "2.2.1"
  resolved "http://registry.npm.taobao.org/md5/download/md5-2.2.1.tgz#53ab38d5fe3c8891ba465329ea23fac0540126f9"
  integrity sha1-U6s41f48iJG6RlMp6iP6wFQBJvk=
  dependencies:
    charenc "~0.0.1"
    crypt "~0.0.1"
    is-buffer "~1.1.1"

memory-card@^0.6.9:
  version "0.6.13"
  resolved "http://registry.npm.taobao.org/memory-card/download/memory-card-0.6.13.tgz#1736980021ffbfc4596ae048be60d27c7405ed36"
  integrity sha1-FzaYACH/v8RZauBIvmDSfHQF7TY=
  dependencies:
    aws-sdk "^2.286.2"
    brolog "^1.6.2"

methods@^1.1.1:
  version "1.1.2"
  resolved "http://registry.npm.taobao.org/methods/download/methods-1.1.2.tgz#5529a4d67654134edcc5266656835b0f851afcee"
  integrity sha1-VSmk1nZUE07cxSZmVoNbD4Ua/O4=

mime-db@~1.38.0:
  version "1.38.0"
  resolved "http://registry.npm.taobao.org/mime-db/download/mime-db-1.38.0.tgz#1a2aab16da9eb167b49c6e4df2d9c68d63d8e2ad"
  integrity sha1-GiqrFtqesWe0nG5N8tnGjWPY4q0=

mime-types@^2.1.12:
  version "2.1.22"
  resolved "http://registry.npm.taobao.org/mime-types/download/mime-types-2.1.22.tgz#fe6b355a190926ab7698c9a0556a11199b2199bd"
  integrity sha1-/ms1WhkJJqt2mMmgVWoRGZshmb0=
  dependencies:
    mime-db "~1.38.0"

mime@^2.3.1, mime@^2.4.0:
  version "2.4.0"
  resolved "http://registry.npm.taobao.org/mime/download/mime-2.4.0.tgz#e051fd881358585f3279df333fe694da0bcffdd6"
  integrity sha1-4FH9iBNYWF8yed8zP+aU2gvP/dY=

moment-timezone@^0.5.23:
  version "0.5.23"
  resolved "http://registry.npm.taobao.org/moment-timezone/download/moment-timezone-0.5.23.tgz#7cbb00db2c14c71b19303cb47b0fb0a6d8651463"
  integrity sha1-fLsA2ywUxxsZMDy0ew+wpthlFGM=
  dependencies:
    moment ">= 2.9.0"

"moment@>= 2.9.0":
  version "2.24.0"
  resolved "http://registry.npm.taobao.org/moment/download/moment-2.24.0.tgz#0d055d53f5052aa653c9f6eb68bb5d12bf5c2b5b"
  integrity sha1-DQVdU/UFKqZTyfbraLtdEr9cK1s=

ms@^2.1.1:
  version "2.1.1"
  resolved "http://registry.npm.taobao.org/ms/download/ms-2.1.1.tgz#30a5864eb3ebb0a66f2ebe6d727af06a09d86e0a"
  integrity sha1-MKWGTrPrsKZvLr5tcnrwagnYbgo=

node-schedule@^1.3.2:
  version "1.3.2"
  resolved "http://registry.npm.taobao.org/node-schedule/download/node-schedule-1.3.2.tgz#d774b383e2a6f6ade59eecc62254aea07cd758cb"
  integrity sha1-13Szg+Km9q3lnuzGIlSuoHzXWMs=
  dependencies:
    cron-parser "^2.7.3"
    long-timeout "0.1.1"
    sorted-array-functions "^1.0.0"

nop@^1.0.0:
  version "1.0.0"
  resolved "http://registry.npm.taobao.org/nop/download/nop-1.0.0.tgz#cb46cf7e01574aa6390858149f66897afe53c9ca"
  integrity sha1-y0bPfgFXSqY5CFgUn2aJev5Tyco=

normalize-package-data@^2.3.2, normalize-package-data@^2.4.0:
  version "2.5.0"
  resolved "http://registry.npm.taobao.org/normalize-package-data/download/normalize-package-data-2.5.0.tgz#e66db1838b200c1dfc233225d12cb36520e234a8"
  integrity sha1-5m2xg4sgDB38IzIl0SyzZSDiNKg=
  dependencies:
    hosted-git-info "^2.1.4"
    resolve "^1.10.0"
    semver "2 || 3 || 4 || 5"
    validate-npm-package-license "^3.0.1"

npm-programmatic@0.0.11:
  version "0.0.11"
  resolved "http://registry.npm.taobao.org/npm-programmatic/download/npm-programmatic-0.0.11.tgz#d6c880e3399b1a8ba507d3878d7b6c8ab665ec00"
  integrity sha1-1siA4zmbGoulB9OHjXtsirZl7AA=
  dependencies:
    bluebird "^3.4.1"

nth-check@~1.0.1:
  version "1.0.2"
  resolved "http://registry.npm.taobao.org/nth-check/download/nth-check-1.0.2.tgz#b2bd295c37e3dd58a3bf0700376663ba4d9cf05c"
  integrity sha1-sr0pXDfj3VijvwcAN2Zjuk2c8Fw=
  dependencies:
    boolbase "~1.0.0"

object-keys@^1.0.12:
  version "1.1.0"
  resolved "http://registry.npm.taobao.org/object-keys/download/object-keys-1.1.0.tgz#11bd22348dd2e096a045ab06f6c85bcc340fa032"
  integrity sha1-Eb0iNI3S4JagRasG9shbzDQPoDI=

p-limit@^2.0.0:
  version "2.2.0"
  resolved "http://registry.npm.taobao.org/p-limit/download/p-limit-2.2.0.tgz#417c9941e6027a9abcba5092dd2904e255b5fbc2"
  integrity sha1-QXyZQeYCepq8ulCS3SkE4lW1+8I=
  dependencies:
    p-try "^2.0.0"

p-locate@^3.0.0:
  version "3.0.0"
  resolved "http://registry.npm.taobao.org/p-locate/download/p-locate-3.0.0.tgz#322d69a05c0264b25997d9f40cd8a891ab0064a4"
  integrity sha1-Mi1poFwCZLJZl9n0DNiokasAZKQ=
  dependencies:
    p-limit "^2.0.0"

p-try@^2.0.0:
  version "2.0.0"
  resolved "http://registry.npm.taobao.org/p-try/download/p-try-2.0.0.tgz#85080bb87c64688fa47996fe8f7dfbe8211760b1"
  integrity sha1-hQgLuHxkaI+keZb+j3376CEXYLE=

parse-json@^4.0.0:
  version "4.0.0"
  resolved "http://registry.npm.taobao.org/parse-json/download/parse-json-4.0.0.tgz#be35f5425be1f7f6c747184f98a788cb99477ee0"
  integrity sha1-vjX1Qlvh9/bHRxhPmKeIy5lHfuA=
  dependencies:
    error-ex "^1.3.1"
    json-parse-better-errors "^1.0.1"

parse5@^3.0.1:
  version "3.0.3"
  resolved "http://registry.npm.taobao.org/parse5/download/parse5-3.0.3.tgz#042f792ffdd36851551cf4e9e066b3874ab45b5c"
  integrity sha1-BC95L/3TaFFVHPTp4Gazh0q0W1w=
  dependencies:
    "@types/node" "*"

path-exists@^3.0.0:
  version "3.0.0"
  resolved "http://registry.npm.taobao.org/path-exists/download/path-exists-3.0.0.tgz#ce0ebeaa5f78cb18925ea7d810d7b59b010fd515"
  integrity sha1-zg6+ql94yxiSXqfYENe1mwEP1RU=

path-parse@^1.0.6:
  version "1.0.6"
  resolved "http://registry.npm.taobao.org/path-parse/download/path-parse-1.0.6.tgz#d62dbb5679405d72c4737ec58600e9ddcf06d24c"
  integrity sha1-1i27VnlAXXLEc37FhgDp3c8G0kw=

path-type@^3.0.0:
  version "3.0.0"
  resolved "http://registry.npm.taobao.org/path-type/download/path-type-3.0.0.tgz#cef31dc8e0a1a3bb0d105c0cd97cf3bf47f4e36f"
  integrity sha1-zvMdyOCho7sNEFwM2Xzzv0f0428=
  dependencies:
    pify "^3.0.0"

pify@^3.0.0:
  version "3.0.0"
  resolved "http://registry.npm.taobao.org/pify/download/pify-3.0.0.tgz#e5a4acd2c101fdf3d9a4d07f0dbc4db49dd28176"
  integrity sha1-5aSs0sEB/fPZpNB/DbxNtJ3SgXY=

pkg-dir@^3.0.0:
  version "3.0.0"
  resolved "http://registry.npm.taobao.org/pkg-dir/download/pkg-dir-3.0.0.tgz#2749020f239ed990881b1f71210d51eb6523bea3"
  integrity sha1-J0kCDyOe2ZCIGx9xIQ1R62UjvqM=
  dependencies:
    find-up "^3.0.0"

promise-retry@^1.1.1:
  version "1.1.1"
  resolved "http://registry.npm.taobao.org/promise-retry/download/promise-retry-1.1.1.tgz#6739e968e3051da20ce6497fb2b50f6911df3d6d"
  integrity sha1-ZznpaOMFHaIM5kl/srUPaRHfPW0=
  dependencies:
    err-code "^1.0.0"
    retry "^0.10.0"

pseudomap@^1.0.2:
  version "1.0.2"
  resolved "http://registry.npm.taobao.org/pseudomap/download/pseudomap-1.0.2.tgz#f052a28da70e618917ef0a8ac34c1ae5a68286b3"
  integrity sha1-8FKijacOYYkX7wqKw0wa5aaChrM=

punycode@1.3.2:
  version "1.3.2"
  resolved "http://registry.npm.taobao.org/punycode/download/punycode-1.3.2.tgz#9653a036fb7c1ee42342f2325cceefea3926c48d"
  integrity sha1-llOgNvt8HuQjQvIyXM7v6jkmxI0=

qr-image@^3.2.0:
  version "3.2.0"
  resolved "http://registry.npm.taobao.org/qr-image/download/qr-image-3.2.0.tgz#9fa8295beae50c4a149cf9f909a1db464a8672e8"
  integrity sha1-n6gpW+rlDEoUnPn5CaHbRkqGcug=

qrcode-terminal@^0.12.0:
  version "0.12.0"
  resolved "http://registry.npm.taobao.org/qrcode-terminal/download/qrcode-terminal-0.12.0.tgz#bb5b699ef7f9f0505092a3748be4464fe71b5819"
  integrity sha1-u1tpnvf58FBQkqN0i+RGT+cbWBk=

qs@^6.6.0:
  version "6.6.0"
  resolved "http://registry.npm.taobao.org/qs/download/qs-6.6.0.tgz#a99c0f69a8d26bf7ef012f871cdabb0aee4424c2"
  integrity sha1-qZwPaajSa/fvAS+HHNq7Cu5EJMI=

querystring@0.2.0:
  version "0.2.0"
  resolved "http://registry.npm.taobao.org/querystring/download/querystring-0.2.0.tgz#b209849203bb25df820da756e747005878521620"
  integrity sha1-sgmEkgO7Jd+CDadW50cAWHhSFiA=

raven@^2.6.2:
  version "2.6.4"
  resolved "http://registry.npm.taobao.org/raven/download/raven-2.6.4.tgz#458d4a380c8fbb59e0150c655625aaf60c167ea3"
  integrity sha1-RY1KOAyPu1ngFQxlViWq9gwWfqM=
  dependencies:
    cookie "0.3.1"
    md5 "^2.2.1"
    stack-trace "0.0.10"
    timed-out "4.0.1"
    uuid "3.3.2"

read-pkg-up@^4.0.0:
  version "4.0.0"
  resolved "http://registry.npm.taobao.org/read-pkg-up/download/read-pkg-up-4.0.0.tgz#1b221c6088ba7799601c808f91161c66e58f8978"
  integrity sha1-GyIcYIi6d5lgHICPkRYcZuWPiXg=
  dependencies:
    find-up "^3.0.0"
    read-pkg "^3.0.0"

read-pkg@^3.0.0:
  version "3.0.0"
  resolved "http://registry.npm.taobao.org/read-pkg/download/read-pkg-3.0.0.tgz#9cbc686978fee65d16c00e2b19c237fcf6e38389"
  integrity sha1-nLxoaXj+5l0WwA4rGcI3/Pbjg4k=
  dependencies:
    load-json-file "^4.0.0"
    normalize-package-data "^2.3.2"
    path-type "^3.0.0"

readable-stream@^3.0.6, readable-stream@^3.1.1:
  version "3.2.0"
  resolved "http://registry.npm.taobao.org/readable-stream/download/readable-stream-3.2.0.tgz#de17f229864c120a9f56945756e4f32c4045245d"
  integrity sha1-3hfyKYZMEgqfVpRXVuTzLEBFJF0=
  dependencies:
    inherits "^2.0.3"
    string_decoder "^1.1.1"
    util-deprecate "^1.0.1"

resolve@^1.10.0:
  version "1.10.0"
  resolved "http://registry.npm.taobao.org/resolve/download/resolve-1.10.0.tgz#3bdaaeaf45cc07f375656dfd2e54ed0810b101ba"
  integrity sha1-O9qur0XMB/N1ZW39LlTtCBCxAbo=
  dependencies:
    path-parse "^1.0.6"

retry@^0.10.0:
  version "0.10.1"
  resolved "http://registry.npm.taobao.org/retry/download/retry-0.10.1.tgz#e76388d217992c252750241d3d3956fed98d8ff4"
  integrity sha1-52OI0heZLCUnUCQdPTlW/tmNj/Q=

rx-queue@^0.4.26:
  version "0.4.30"
  resolved "http://registry.npm.taobao.org/rx-queue/download/rx-queue-0.4.30.tgz#f05ae5fc190ec1ff6a9b7684ebf2e5f465bdefb0"
  integrity sha1-8Frl/BkOwf9qm3aE6/Ll9GW977A=

rxjs@^6.2.1:
  version "6.4.0"
  resolved "http://registry.npm.taobao.org/rxjs/download/rxjs-6.4.0.tgz#f3bb0fe7bda7fb69deac0c16f17b50b0b8790504"
  integrity sha1-87sP572n+2nerAwW8XtQsLh5BQQ=
  dependencies:
    tslib "^1.9.0"

safe-buffer@~5.1.0:
  version "5.1.2"
  resolved "http://registry.npm.taobao.org/safe-buffer/download/safe-buffer-5.1.2.tgz#991ec69d296e0313747d59bdfd2b745c35f8828d"
  integrity sha1-mR7GnSluAxN0fVm9/St0XDX4go0=

sax@1.2.1:
  version "1.2.1"
  resolved "http://registry.npm.taobao.org/sax/download/sax-1.2.1.tgz#7b8e656190b228e81a66aea748480d828cd2d37a"
  integrity sha1-e45lYZCyKOgaZq6nSEgNgozS03o=

sax@>=0.6.0:
  version "1.2.4"
  resolved "http://registry.npm.taobao.org/sax/download/sax-1.2.4.tgz#2816234e2378bddc4e5354fab5caa895df7100d9"
  integrity sha1-KBYjTiN4vdxOU1T6tcqold9xANk=

"semver@2 || 3 || 4 || 5", semver@^5.5.0:
  version "5.6.0"
  resolved "http://registry.npm.taobao.org/semver/download/semver-5.6.0.tgz#7e74256fbaa49c75aa7c7a205cc22799cac80004"
  integrity sha1-fnQlb7qknHWqfHogXMInmcrIAAQ=

sorted-array-functions@^1.0.0:
  version "1.2.0"
  resolved "http://registry.npm.taobao.org/sorted-array-functions/download/sorted-array-functions-1.2.0.tgz#43265b21d6e985b7df31621b1c11cc68d8efc7c3"
  integrity sha1-QyZbIdbphbffMWIbHBHMaNjvx8M=

spdx-correct@^3.0.0:
  version "3.1.0"
  resolved "http://registry.npm.taobao.org/spdx-correct/download/spdx-correct-3.1.0.tgz#fb83e504445268f154b074e218c87c003cd31df4"
  integrity sha1-+4PlBERSaPFUsHTiGMh8ADzTHfQ=
  dependencies:
    spdx-expression-parse "^3.0.0"
    spdx-license-ids "^3.0.0"

spdx-exceptions@^2.1.0:
  version "2.2.0"
  resolved "http://registry.npm.taobao.org/spdx-exceptions/download/spdx-exceptions-2.2.0.tgz#2ea450aee74f2a89bfb94519c07fcd6f41322977"
  integrity sha1-LqRQrudPKom/uUUZwH/Nb0EyKXc=

spdx-expression-parse@^3.0.0:
  version "3.0.0"
  resolved "http://registry.npm.taobao.org/spdx-expression-parse/download/spdx-expression-parse-3.0.0.tgz#99e119b7a5da00e05491c9fa338b7904823b41d0"
  integrity sha1-meEZt6XaAOBUkcn6M4t5BII7QdA=
  dependencies:
    spdx-exceptions "^2.1.0"
    spdx-license-ids "^3.0.0"

spdx-license-ids@^3.0.0:
  version "3.0.3"
  resolved "http://registry.npm.taobao.org/spdx-license-ids/download/spdx-license-ids-3.0.3.tgz#81c0ce8f21474756148bbb5f3bfc0f36bf15d76e"
  integrity sha1-gcDOjyFHR1YUi7tfO/wPNr8V124=

stack-trace@0.0.10:
  version "0.0.10"
  resolved "http://registry.npm.taobao.org/stack-trace/download/stack-trace-0.0.10.tgz#547c70b347e8d32b4e108ea1a2a159e5fdde19c0"
  integrity sha1-VHxws0fo0ytOEI6hoqFZ5f3eGcA=

state-switch@^0.6.2:
  version "0.6.12"
  resolved "http://registry.npm.taobao.org/state-switch/download/state-switch-0.6.12.tgz#bb94f39a88c246c6a705559c3ae240fc4c0b872f"
  integrity sha1-u5TzmojCRsanBVWcOuJA/EwLhy8=
  dependencies:
    nop "^1.0.0"

string_decoder@^1.1.1:
  version "1.2.0"
  resolved "http://registry.npm.taobao.org/string_decoder/download/string_decoder-1.2.0.tgz#fe86e738b19544afe70469243b2a1ee9240eae8d"
  integrity sha1-/obnOLGVRK/nBGkkOyoe6SQOro0=
  dependencies:
    safe-buffer "~5.1.0"

strip-bom@^3.0.0:
  version "3.0.0"
  resolved "http://registry.npm.taobao.org/strip-bom/download/strip-bom-3.0.0.tgz#2334c18e9c759f7bdd56fdef7e9ae3d588e68ed3"
  integrity sha1-IzTBjpx1n3vdVv3vfprj1YjmjtM=

superagent@^4.1.0:
  version "4.1.0"
  resolved "http://registry.npm.taobao.org/superagent/download/superagent-4.1.0.tgz#c465c2de41df2b8d05c165cbe403e280790cdfd5"
  integrity sha1-xGXC3kHfK40FwWXL5APigHkM39U=
  dependencies:
    component-emitter "^1.2.0"
    cookiejar "^2.1.2"
    debug "^4.1.0"
    form-data "^2.3.3"
    formidable "^1.2.0"
    methods "^1.1.1"
    mime "^2.4.0"
    qs "^6.6.0"
    readable-stream "^3.0.6"

timed-out@4.0.1:
  version "4.0.1"
  resolved "http://registry.npm.taobao.org/timed-out/download/timed-out-4.0.1.tgz#f32eacac5a175bea25d7fab565ab3ed8741ef56f"
  integrity sha1-8y6srFoXW+ol1/q1Zas+2HQe9W8=

tslib@^1.9.0:
  version "1.9.3"
  resolved "http://registry.npm.taobao.org/tslib/download/tslib-1.9.3.tgz#d7e4dd79245d85428c4d7e4822a79917954ca286"
  integrity sha1-1+TdeSRdhUKMTX5IIqeZF5VMooY=

url@0.10.3:
  version "0.10.3"
  resolved "http://registry.npm.taobao.org/url/download/url-0.10.3.tgz#021e4d9c7705f21bbf37d03ceb58767402774c64"
  integrity sha1-Ah5NnHcF8hu/N9A861h2dAJ3TGQ=
  dependencies:
    punycode "1.3.2"
    querystring "0.2.0"

util-deprecate@^1.0.1:
  version "1.0.2"
  resolved "http://registry.npm.taobao.org/util-deprecate/download/util-deprecate-1.0.2.tgz#450d4dc9fa70de732762fbd2d4a28981419a0ccf"
  integrity sha1-RQ1Nyfpw3nMnYvvS1KKJgUGaDM8=

uuid@3.3.2:
  version "3.3.2"
  resolved "http://registry.npm.taobao.org/uuid/download/uuid-3.3.2.tgz#1b4af4955eb3077c501c23872fc6513811587131"
  integrity sha1-G0r0lV6zB3xQHCOHL8ZROBFYcTE=

validate-npm-package-license@^3.0.1:
  version "3.0.4"
  resolved "http://registry.npm.taobao.org/validate-npm-package-license/download/validate-npm-package-license-3.0.4.tgz#fc91f6b9c7ba15c857f4cb2c5defeec39d4f410a"
  integrity sha1-/JH2uce6FchX9MssXe/uw51PQQo=
  dependencies:
    spdx-correct "^3.0.0"
    spdx-expression-parse "^3.0.0"

watchdog@^0.8.1, watchdog@^0.8.12:
  version "0.8.17"
  resolved "http://registry.npm.taobao.org/watchdog/download/watchdog-0.8.17.tgz#515596a0d413b8a2a2a3ebcfeb142a0dda28b438"
  integrity sha1-UVWWoNQTuKKio+vP6xQqDdootDg=
  dependencies:
    brolog "^1.3.3"

wechaty-puppet@^0.14.1:
  version "0.14.1"
  resolved "http://registry.npm.taobao.org/wechaty-puppet/download/wechaty-puppet-0.14.1.tgz#65aab3460b0e9704d1c4fde37c70b5959c1cba8a"
  integrity sha1-ZaqzRgsOlwTRxP3jfHC1lZwcuoo=
  dependencies:
    brolog "^1.6.5"
    clone-class "^0.6.19"
    hot-import "^0.2.1"
    lru-cache "^4.1.3"
    normalize-package-data "^2.4.0"
    read-pkg-up "^4.0.0"
    rx-queue "^0.4.26"
    rxjs "^6.2.1"
    semver "^5.5.0"
    state-switch "^0.6.2"
    watchdog "^0.8.12"

wechaty@^0.22.6:
  version "0.22.6"
  resolved "http://registry.npm.taobao.org/wechaty/download/wechaty-0.22.6.tgz#f5e3a63755c10fa0e9bb2643950f5bae8927f4c7"
  integrity sha1-9eOmN1XBD6DpuyZDlQ9brokn9Mc=
  dependencies:
    brolog "^1.8.1"
    clone-class "^0.6.11"
    cuid "^2.1.1"
    file-box "^0.8.23"
    hot-import "^0.2.1"
    memory-card "^0.6.9"
    npm-programmatic "0.0.11"
    pkg-dir "^3.0.0"
    promise-retry "^1.1.1"
    qr-image "^3.2.0"
    raven "^2.6.2"
    read-pkg-up "^4.0.0"
    state-switch "^0.6.2"
    watchdog "^0.8.1"
    wechaty-puppet "^0.14.1"
    ws "^6.0.0"

ws@^6.0.0:
  version "6.1.4"
  resolved "http://registry.npm.taobao.org/ws/download/ws-6.1.4.tgz#5b5c8800afab925e94ccb29d153c8d02c1776ef9"
  integrity sha1-W1yIAK+rkl6UzLKdFTyNAsF3bvk=
  dependencies:
    async-limiter "~1.0.0"

xml2js@0.4.19:
  version "0.4.19"
  resolved "http://registry.npm.taobao.org/xml2js/download/xml2js-0.4.19.tgz#686c20f213209e94abf0d1bcf1efaa291c7827a7"
  integrity sha1-aGwg8hMgnpSr8NG88e+qKRx4J6c=
  dependencies:
    sax ">=0.6.0"
    xmlbuilder "~9.0.1"

xmlbuilder@~9.0.1:
  version "9.0.7"
  resolved "http://registry.npm.taobao.org/xmlbuilder/download/xmlbuilder-9.0.7.tgz#132ee63d2ec5565c557e20f4c22df9aca686b10d"
  integrity sha1-Ey7mPS7FVlxVfiD0wi35rKaGsQ0=

yallist@^2.1.2:
  version "2.1.2"
  resolved "http://registry.npm.taobao.org/yallist/download/yallist-2.1.2.tgz#1c11f9218f076089a47dd512f93c6699a6a81d52"
  integrity sha1-HBH5IY8HYImkfdUS+TxmmaaoHVI=
